
Microsoft Visual Studio Solution File, Format Version 12.00
# Visual Studio Version 17
VisualStudioVersion = 17.7.34024.191
MinimumVisualStudioVersion = 10.0.40219.1
Project("{FAE04EC0-301F-11D3-BF4B-00C04F79EFBC}") = "Personalregister", "Personalregister\Personalregister.csproj", "{3A93733C-6A98-4321-99B5-F834E77C8098}"
EndProject
Global
	GlobalSection(SolutionConfigurationPlatforms) = preSolution
		Debug|Any CPU = Debug|Any CPU
		Release|Any CPU = Release|Any CPU
	EndGlobalSection
	GlobalSection(ProjectConfigurationPlatforms) = postSolution
		{3A93733C-6A98-4321-99B5-F834E77C8098}.Debug|Any CPU.ActiveCfg = Debug|Any CPU
		{3A93733C-6A98-4321-99B5-F834E77C8098}.Debug|Any CPU.Build.0 = Debug|Any CPU
		{3A93733C-6A98-4321-99B5-F834E77C8098}.Release|Any CPU.ActiveCfg = Release|Any CPU
		{3A93733C-6A98-4321-99B5-F834E77C8098}.Release|Any CPU.Build.0 = Release|Any CPU
	EndGlobalSection
	GlobalSection(SolutionProperties) = preSolution
		HideSolutionNode = FALSE
	EndGlobalSection
	GlobalSection(ExtensibilityGlobals) = postSolution
		SolutionGuid = {967FF536-864B-4140-92A1-5FE49074C029}
	EndGlobalSection
EndGlobal
